
Microsoft Visual Studio Solution File, Format Version 12.00
# Visual Studio 15
VisualStudioVersion = 15.0.28307.779
MinimumVisualStudioVersion = 10.0.40219.1
Project("{FAE04EC0-301F-11D3-BF4B-00C04F79EFBC}") = "PasswordGeneratorForms", "PasswordGeneratorForms\PasswordGeneratorForms.csproj", "{C806889C-D4F6-4B80-A039-738ACA89B82D}"
EndProject
Global
	GlobalSection(SolutionConfigurationPlatforms) = preSolution
		Debug|Any CPU = Debug|Any CPU
		Release|Any CPU = Release|Any CPU
	EndGlobalSection
	GlobalSection(ProjectConfigurationPlatforms) = postSolution
		{C806889C-D4F6-4B80-A039-738ACA89B82D}.Debug|Any CPU.ActiveCfg = Debug|Any CPU
		{C806889C-D4F6-4B80-A039-738ACA89B82D}.Debug|Any CPU.Build.0 = Debug|Any CPU
		{C806889C-D4F6-4B80-A039-738ACA89B82D}.Release|Any CPU.ActiveCfg = Release|Any CPU
		{C806889C-D4F6-4B80-A039-738ACA89B82D}.Release|Any CPU.Build.0 = Release|Any CPU
	EndGlobalSection
	GlobalSection(SolutionProperties) = preSolution
		HideSolutionNode = FALSE
	EndGlobalSection
	GlobalSection(ExtensibilityGlobals) = postSolution
		SolutionGuid = {F2F5B96C-08DB-4E8F-9E75-9B116F4C6CA3}
	EndGlobalSection
EndGlobal
